
Microsoft Visual Studio Solution File, Format Version 12.00
# Visual Studio Version 16
VisualStudioVersion = 16.0.31702.278
MinimumVisualStudioVersion = 10.0.40219.1
Project("{9A19103F-16F7-4668-BE54-9A1E7A4F7556}") = "Entities", "Entities\Entities.csproj", "{6F9698D5-EBAE-4D50-8158-47575B4CEC06}"
EndProject
Project("{9A19103F-16F7-4668-BE54-9A1E7A4F7556}") = "DataAccess", "DataAccess\DataAccess.csproj", "{569C9E7B-EF63-4A48-B13B-C8CC761DDD4B}"
EndProject
Project("{9A19103F-16F7-4668-BE54-9A1E7A4F7556}") = "Business", "Business\Business.csproj", "{641A3F86-CF31-4942-A18D-541ED1CF4F84}"
EndProject
Project("{9A19103F-16F7-4668-BE54-9A1E7A4F7556}") = "Core", "Core\Core.csproj", "{012B0BE8-7511-4D3A-BDB9-F26E079C738F}"
EndProject
Project("{9A19103F-16F7-4668-BE54-9A1E7A4F7556}") = "WebAPI", "WebAPI\WebAPI.csproj", "{3AFF0BFC-D4FC-43E0-8589-4FC7EE6D0B42}"
EndProject
Global
	GlobalSection(SolutionConfigurationPlatforms) = preSolution
		Debug|Any CPU = Debug|Any CPU
		Release|Any CPU = Release|Any CPU
	EndGlobalSection
	GlobalSection(ProjectConfigurationPlatforms) = postSolution
		{6F9698D5-EBAE-4D50-8158-47575B4CEC06}.Debug|Any CPU.ActiveCfg = Debug|Any CPU
		{6F9698D5-EBAE-4D50-8158-47575B4CEC06}.Debug|Any CPU.Build.0 = Debug|Any CPU
		{6F9698D5-EBAE-4D50-8158-47575B4CEC06}.Release|Any CPU.ActiveCfg = Release|Any CPU
		{6F9698D5-EBAE-4D50-8158-47575B4CEC06}.Release|Any CPU.Build.0 = Release|Any CPU
		{569C9E7B-EF63-4A48-B13B-C8CC761DDD4B}.Debug|Any CPU.ActiveCfg = Debug|Any CPU
		{569C9E7B-EF63-4A48-B13B-C8CC761DDD4B}.Debug|Any CPU.Build.0 = Debug|Any CPU
		{569C9E7B-EF63-4A48-B13B-C8CC761DDD4B}.Release|Any CPU.ActiveCfg = Release|Any CPU
		{569C9E7B-EF63-4A48-B13B-C8CC761DDD4B}.Release|Any CPU.Build.0 = Release|Any CPU
		{641A3F86-CF31-4942-A18D-541ED1CF4F84}.Debug|Any CPU.ActiveCfg = Debug|Any CPU
		{641A3F86-CF31-4942-A18D-541ED1CF4F84}.Debug|Any CPU.Build.0 = Debug|Any CPU
		{641A3F86-CF31-4942-A18D-541ED1CF4F84}.Release|Any CPU.ActiveCfg = Release|Any CPU
		{641A3F86-CF31-4942-A18D-541ED1CF4F84}.Release|Any CPU.Build.0 = Release|Any CPU
		{012B0BE8-7511-4D3A-BDB9-F26E079C738F}.Debug|Any CPU.ActiveCfg = Debug|Any CPU
		{012B0BE8-7511-4D3A-BDB9-F26E079C738F}.Debug|Any CPU.Build.0 = Debug|Any CPU
		{012B0BE8-7511-4D3A-BDB9-F26E079C738F}.Release|Any CPU.ActiveCfg = Release|Any CPU
		{012B0BE8-7511-4D3A-BDB9-F26E079C738F}.Release|Any CPU.Build.0 = Release|Any CPU
		{3AFF0BFC-D4FC-43E0-8589-4FC7EE6D0B42}.Debug|Any CPU.ActiveCfg = Debug|Any CPU
		{3AFF0BFC-D4FC-43E0-8589-4FC7EE6D0B42}.Debug|Any CPU.Build.0 = Debug|Any CPU
		{3AFF0BFC-D4FC-43E0-8589-4FC7EE6D0B42}.Release|Any CPU.ActiveCfg = Release|Any CPU
		{3AFF0BFC-D4FC-43E0-8589-4FC7EE6D0B42}.Release|Any CPU.Build.0 = Release|Any CPU
	EndGlobalSection
	GlobalSection(SolutionProperties) = preSolution
		HideSolutionNode = FALSE
	EndGlobalSection
	GlobalSection(ExtensibilityGlobals) = postSolution
		SolutionGuid = {5E33EC6B-216E-40E1-8806-D6D21D7BFD43}
	EndGlobalSection
EndGlobal
